hash: d10157da40b3f391466619249a617c77841705f25632f529823bf59c499ea0bb
updated: 2019-02-18T13:47:01.046604+01:00
imports:
- name: github.com/armon/go-metrics
  version: f036747b9d0e8590f175a5d654a2194a7d9df4b5
- name: github.com/armon/go-radix
  version: 4239b77079c7b5d1243b7b4736304ce8ddb6f0f2
- name: github.com/aws/aws-sdk-go
  version: 72e42b13da62269f68308fb6068b7ea691a416a4
  subpackages:
  - aws
  - aws/awserr
  - aws/awsutil
  - aws/client
  - aws/client/metadata
  - aws/corehandlers
  - aws/credentials
  - aws/credentials/ec2rolecreds
  - aws/credentials/endpointcreds
  - aws/credentials/stscreds
  - aws/defaults
  - aws/ec2metadata
  - aws/endpoints
  - aws/request
  - aws/session
  - aws/signer/v4
  - internal/shareddefaults
  - private/protocol
  - private/protocol/json/jsonutil
  - private/protocol/jsonrpc
  - private/protocol/query
  - private/protocol/query/queryutil
  - private/protocol/rest
  - private/protocol/restjson
  - private/protocol/restxml
  - private/protocol/xml/xmlutil
  - service/dynamodb
  - service/dynamodb/dynamodbattribute
  - service/lambda
  - service/s3
  - service/s3/s3iface
  - service/s3/s3manager
  - service/sts
- name: github.com/bgentry/speakeasy
  version: 4aabc24848ce5fd31929f7d1e4ea74d3709c14cd
- name: github.com/dsnet/compress
  version: cc9eb1d7ad760af14e8f918698f745e80377af4f
  subpackages:
  - bzip2
  - bzip2/internal/sais
  - internal
  - internal/errors
  - internal/prefix
- name: github.com/emirpasic/gods
  version: 729073a73ce2057955fafa2a8f0ac62b99e950c9
  subpackages:
  - containers
  - lists
  - lists/arraylist
  - trees
  - trees/binaryheap
  - utils
- name: github.com/go-ini/ini
  version: 3d73f4b845efdf9989fffd4b4e562727744a34ba
- name: github.com/gorhill/cronexpr
  version: d520615e531a6bf3fb69406b9eba718261285ec8
- name: github.com/hashicorp/consul
  version: 9e83a034e3eb83f470fe6280cd85c25ef275fd30
  subpackages:
  - api
- name: github.com/hashicorp/errwrap
  version: 7554cd9344cec97297fa6649b055a8c98c2a1e55
- name: github.com/hashicorp/go-cleanhttp
  version: 3573b8b52aa7b37b9358d966a898feb387f62437
- name: github.com/hashicorp/go-msgpack
  version: fa3f63826f7c23912c15263591e65d54d080b458
  subpackages:
  - codec
- name: github.com/hashicorp/go-multierror
  version: 83588e72410abfbe4df460eeb6f30841ae47d4c4
- name: github.com/hashicorp/go-rootcerts
  version: 6bb64b370b90e7ef1fa532be9e591a81c3493e00
- name: github.com/hashicorp/go-version
  version: 03c5bf6be031b6dd45afec16b1cf94fc8938bc77
- name: github.com/hashicorp/hcl
  version: 392dba7d905ed5d04a5794ba89f558b27e2ba1ca
  subpackages:
  - hcl/ast
  - hcl/parser
  - hcl/scanner
  - hcl/strconv
  - hcl/token
  - json/parser
  - json/scanner
  - json/token
- name: github.com/hashicorp/nomad
  version: 4cd2cf1c3c9ed6dbd0b8261f9bad0e375c182d7f
  subpackages:
  - api
  - helper
  - helper/args
  - helper/flatmap
  - jobspec
  - nomad/structs
- name: github.com/hashicorp/raft
  version: b3d48f1a4e569bc4d4e456e8930e35b1aa996ea7
- name: github.com/hashicorp/serf
  version: e39abe475740649229c5c72b0cc1da10da7ed23a
  subpackages:
  - coordinate
- name: github.com/jbenet/go-context
  version: d14ea06fba99483203c19d92cfcd13ebe73135f4
  subpackages:
  - io
- name: github.com/jmespath/go-jmespath
  version: bd40a432e4c76585ef6b72d3fd96fb9b6dc7b68d
- name: github.com/kevinburke/ssh_config
  version: 81db2a75821ed34e682567d48be488a1c3121088
- name: github.com/mattn/go-isatty
  version: fc9e8d8ef48496124e79ae0df75490096eccf6fe
- name: github.com/mholt/archiver
  version: cdc68dd1f170b8dfc1a0d2231b5bb0967ed67006
- name: github.com/mitchellh/cli
  version: b481eac70eea3ad671b7c360a013f89bb759b252
- name: github.com/mitchellh/copystructure
  version: d23ffcb85de31694d6ccaa23ccb4a03e55c1303f
- name: github.com/mitchellh/go-homedir
  version: b8bc1bf767474819792c23f32d8286a45736f1c6
- name: github.com/mitchellh/hashstructure
  version: 2bca23e0e452137f789efbc8610126fd8b94f73b
- name: github.com/mitchellh/mapstructure
  version: d0303fe809921458f417bcf828397a65db30a7e4
- name: github.com/mitchellh/reflectwalk
  version: 8d802ff4ae93611b807597f639c19f76074df5c6
- name: github.com/nwaples/rardecode
  version: f22b7ef81a0afac9ce1447d37e5ab8e99fbd2f73
- name: github.com/pelletier/go-buffruneio
  version: 25c428535bd3f55a16f149a9daebd3fa4c5a562b
- name: github.com/satori/go.uuid
  version: f58768cc1a7a7e77a3bd49e98cdd21419399b6a3
- name: github.com/sergi/go-diff
  version: feef008d51ad2b3778f85d387ccf91735543008d
  subpackages:
  - diffmatchpatch
- name: github.com/src-d/gcfg
  version: f187355171c936ac84a82793659ebb4936bc1c23
  subpackages:
  - scanner
  - token
  - types
- name: github.com/ugorji/go
  version: 5efa3251c7f7d05e5d9704a69a984ec9f1386a40
  subpackages:
  - codec
- name: github.com/ulikunitz/xz
  version: 0c6b41e72360850ca4f98dc341fd999726ea007f
  subpackages:
  - internal/hash
  - internal/xlog
  - lzma
- name: github.com/xanzy/ssh-agent
  version: ba9c9e33906f58169366275e3450db66139a31a9
- name: golang.org/x/crypto
  version: dd85ac7e6a88fc6ca420478e934de5f1a42dd3c6
  subpackages:
  - cast5
  - curve25519
  - ed25519
  - ed25519/internal/edwards25519
  - openpgp
  - openpgp/armor
  - openpgp/elgamal
  - openpgp/errors
  - openpgp/packet
  - openpgp/s2k
  - ssh
  - ssh/agent
  - ssh/knownhosts
- name: golang.org/x/net
  version: 3a22650c66bd7f4fb6d1e8072ffd7b75c8a27898
  subpackages:
  - context
- name: golang.org/x/sys
  version: abf9c25f54453410d0c6668e519582a9e1115027
  subpackages:
  - unix
  - windows
- name: gopkg.in/src-d/go-billy.v4
  version: 982626487c60a5252e7d0b695ca23fb0fa2fd670
  subpackages:
  - helper/chroot
  - helper/polyfill
  - osfs
  - util
- name: gopkg.in/src-d/go-git.v4
  version: db6c41c156481962abf9a55a324858674c25ab08
  repo: https://github.com/src-d/go-git.git
  subpackages:
  - config
  - internal/revision
  - internal/url
  - plumbing
  - plumbing/cache
  - plumbing/filemode
  - plumbing/format/config
  - plumbing/format/diff
  - plumbing/format/gitignore
  - plumbing/format/idxfile
  - plumbing/format/index
  - plumbing/format/objfile
  - plumbing/format/packfile
  - plumbing/format/pktline
  - plumbing/object
  - plumbing/protocol/packp
  - plumbing/protocol/packp/capability
  - plumbing/protocol/packp/sideband
  - plumbing/revlist
  - plumbing/storer
  - plumbing/transport
  - plumbing/transport/client
  - plumbing/transport/file
  - plumbing/transport/git
  - plumbing/transport/http
  - plumbing/transport/internal/common
  - plumbing/transport/server
  - plumbing/transport/ssh
  - storage
  - storage/filesystem
  - storage/filesystem/dotgit
  - storage/memory
  - utils/binary
  - utils/diff
  - utils/ioutil
  - utils/merkletrie
  - utils/merkletrie/filesystem
  - utils/merkletrie/index
  - utils/merkletrie/internal/frame
  - utils/merkletrie/noder
- name: gopkg.in/warnings.v0
  version: 8a331561fe74dadba6edfc59f3be66c22c3b065d
- name: gopkg.in/yaml.v2
  version: 1be3d31502d6eabc0dd7ce5b0daab022e14a5538
testImports: []
