hash: 148b30a66ace132146abf031e9eabfcda605f5c78c15d65f3fb4cfc4953d11a6
updated: 2017-05-22T16:59:56.200670286-03:00
imports:
- name: github.com/armon/go-radix
  version: 4239b77079c7b5d1243b7b4736304ce8ddb6f0f2
- name: github.com/bgentry/speakeasy
  version: 4aabc24848ce5fd31929f7d1e4ea74d3709c14cd
- name: github.com/mattn/go-isatty
  version: fc9e8d8ef48496124e79ae0df75490096eccf6fe
- name: github.com/mitchellh/cli
  version: ee8578a9c12a5bb9d55303b9665cc448772c81b8
- name: github.com/mitchellh/mapstructure
  version: cc8532a8e9a55ea36402aa21efdf403a60d34096
- name: github.com/sergi/go-diff
  version: feef008d51ad2b3778f85d387ccf91735543008d
  subpackages:
  - diffmatchpatch
- name: github.com/src-d/gcfg
  version: f187355171c936ac84a82793659ebb4936bc1c23
  subpackages:
  - scanner
  - token
  - types
- name: golang.org/x/crypto
  version: 6c586e17d90a7d08bbbc4069984180dce3b04117
  subpackages:
  - curve25519
  - ed25519
  - ed25519/internal/edwards25519
  - ssh
  - ssh/agent
  - ssh/knownhosts
- name: golang.org/x/sys
  version: dbc2be9168a660ef302e04b6ff6406de6f967473
  subpackages:
  - unix
- name: gopkg.in/src-d/go-billy.v2
  version: 52497601f113730d14baa00453674376fca22f22
  subpackages:
  - osfs
- name: gopkg.in/src-d/go-git.v4
  version: 2ff77a8d93529cefdca922dbed89d4b1cd0ee8e5
  repo: https://github.com/src-d/go-git.git
  subpackages:
  - config
  - internal/revision
  - plumbing
  - plumbing/cache
  - plumbing/filemode
  - plumbing/format/config
  - plumbing/format/idxfile
  - plumbing/format/index
  - plumbing/format/objfile
  - plumbing/format/packfile
  - plumbing/format/pktline
  - plumbing/object
  - plumbing/protocol/packp
  - plumbing/protocol/packp/capability
  - plumbing/protocol/packp/sideband
  - plumbing/revlist
  - plumbing/storer
  - plumbing/transport
  - plumbing/transport/client
  - plumbing/transport/file
  - plumbing/transport/git
  - plumbing/transport/http
  - plumbing/transport/internal/common
  - plumbing/transport/server
  - plumbing/transport/ssh
  - storage
  - storage/filesystem
  - storage/filesystem/internal/dotgit
  - storage/memory
  - utils/binary
  - utils/diff
  - utils/ioutil
  - utils/merkletrie
  - utils/merkletrie/filesystem
  - utils/merkletrie/index
  - utils/merkletrie/internal/frame
  - utils/merkletrie/noder
- name: gopkg.in/warnings.v0
  version: 8a331561fe74dadba6edfc59f3be66c22c3b065d
- name: gopkg.in/yaml.v2
  version: cd8b52f8269e0feb286dfeef29f8fe4d5b397e0b
- name: srcd.works/go-git.v4
  version: 36c78b9d1b1eea682703fb1cbb0f4f3144354389
testImports: []
