github.com/alcortesm/tgz v0.0.0-20161220082320-9c5fe88206d7/go.mod h1:6zEj6s6u/ghQa61ZWa/C2Aw3RkjiTBOix7dkqa1VLIs=
github.com/anmitsu/go-shlex v0.0.0-20161002113705-648efa622239/go.mod h1:2FmKhYUyUczH0OGQWaF5ceTx0UBShxjsH6f8oGKYe2c=
github.com/armon/go-metrics v0.0.0-20170601214432-f036747b9d0e h1:uOm6jZkD+kPQ/7G1zHz3h5D4yFZr2z9TUbbxews7xcc=
github.com/armon/go-metrics v0.0.0-20170601214432-f036747b9d0e/go.mod h1:Q73ZrmVTwzkszR9V5SSuryQ31EELlFMUz1kKyl939pY=
github.com/armon/go-radix v0.0.0-20160115234725-4239b77079c7 h1:MBXhrxjNkjdqJysfNbKMMPFNXlz6EzpOnPcsoYBeD3E=
github.com/armon/go-radix v0.0.0-20160115234725-4239b77079c7/go.mod h1:ufUuZ+zHj4x4TnLV4JWEpy2hxWSpsRywHrMgIH9cCH8=
github.com/aws/aws-sdk-go v1.10.3 h1:qfNmAOR+OMOkOtgvJQncwchalxn8Pd39SdZPXvu8CN8=
github.com/aws/aws-sdk-go v1.10.3/go.mod h1:ZRmQr0FajVIyZ4ZzBYKG5P3ZqPz9IHG41ZoMu1ADI3k=
github.com/bgentry/speakeasy v0.1.0 h1:ByYyxL9InA1OWqxJqqp2A5pYHUrCiAL6K3J+LKSsQkY=
github.com/bgentry/speakeasy v0.1.0/go.mod h1:+zsyZBPWlz7T6j88CTgSN5bM796AkVf0kBD4zp0CCIs=
github.com/davecgh/go-spew v1.1.1/go.mod h1:J7Y8YcW2NihsgmVo/mv3lAwl/skON4iLHjSsI+c5H38=
github.com/dsnet/compress v0.0.0-20171208185109-cc9eb1d7ad76 h1:eX+pdPPlD279OWgdx7f6KqIRSONuK7egk+jDx7OM3Ac=
github.com/dsnet/compress v0.0.0-20171208185109-cc9eb1d7ad76/go.mod h1:KjxHHirfLaw19iGT70HvVjHQsL1vq1SRQB4yOsAfy2s=
github.com/emirpasic/gods v0.0.0-20190124120704-729073a73ce2/go.mod h1:YfzfFFoVP/catgzJb4IKIqXjX78Ha8FMSDh3ymbK86o=
github.com/emirpasic/gods v1.9.0 h1:rUF4PuzEjMChMiNsVjdI+SyLu7rEqpQ5reNFnhC7oFo=
github.com/emirpasic/gods v1.9.0/go.mod h1:YfzfFFoVP/catgzJb4IKIqXjX78Ha8FMSDh3ymbK86o=
github.com/flynn/go-shlex v0.0.0-20150515145356-3f9db97f8568/go.mod h1:xEzjJPgXI435gkrCt3MPfRiAkVrwSbHsst4LCFVfpJc=
github.com/gliderlabs/ssh v0.1.1/go.mod h1:U7qILu1NlMHj9FlMhZLlkCdDnU1DBEAqr0aevW3Awn0=
github.com/go-ini/ini v1.28.1 h1:31infb1d2q1XtBq7msGogTnG0vODN/5poMiHg+cpXQw=
github.com/go-ini/ini v1.28.1/go.mod h1:ByCAeIL28uOIIG0E3PJtZPDL8WnHpFKFOtgjp+3Ies8=
github.com/google/go-cmp v0.2.0/go.mod h1:oXzfMopK8JAjlY9xF4vHSVASa0yLyX7SntLO5aqRK0M=
github.com/gorhill/cronexpr v0.0.0-20161205141322-d520615e531a h1:yNuTIQkXLNAevCwQJ7ur3ZPoZPhbvAi6QXhJ/ylX6+8=
github.com/gorhill/cronexpr v0.0.0-20161205141322-d520615e531a/go.mod h1:g2644b03hfBX9Ov0ZBDgXXens4rxSxmqFBbhvKv2yVA=
github.com/hashicorp/consul v0.0.0-20170711231657-9e83a034e3eb h1:Wu1VO/P2j7DxyzBXbDpUQsAKDYX6+oHhSLIB/EQpJkc=
github.com/hashicorp/consul v0.0.0-20170711231657-9e83a034e3eb/go.mod h1:mFrjN1mfidgJfYP1xrJCF+AfRhr6Eaqhb2+sfyn/OOI=
github.com/hashicorp/errwrap v0.0.0-20141028054710-7554cd9344ce h1:prjrVgOk2Yg6w+PflHoszQNLTUh4kaByUcEWM/9uin4=
github.com/hashicorp/errwrap v0.0.0-20141028054710-7554cd9344ce/go.mod h1:YH+1FKiLXxHSkmPseP+kNlulaMuP3n2brvKWEqk/Jc4=
github.com/hashicorp/go-cleanhttp v0.0.0-20170211013415-3573b8b52aa7 h1:67fHcS+inUoiIqWCKIqeDuq2AlPHNHPiTqp97LdQ+bc=
github.com/hashicorp/go-cleanhttp v0.0.0-20170211013415-3573b8b52aa7/go.mod h1:JpRdi6/HCYpAwUzNwuwqhbovhLtngrth3wmdIIUrZ80=
github.com/hashicorp/go-msgpack v0.0.0-20150518234257-fa3f63826f7c h1:BTAbnbegUIMB6xmQCwWE8yRzbA4XSpnZY5hvRJC188I=
github.com/hashicorp/go-msgpack v0.0.0-20150518234257-fa3f63826f7c/go.mod h1:ahLV/dePpqEmjfWmKiqvPkv/twdG7iPBM1vqhUKIvfM=
github.com/hashicorp/go-multierror v0.0.0-20170622060955-83588e72410a h1:RUacJnONqfKgDeok3I3IqMa8e5+B3qzBIbNK4dZK65k=
github.com/hashicorp/go-multierror v0.0.0-20170622060955-83588e72410a/go.mod h1:JMRHfdO9jKNzS/+BTlxCjKNQHg/jZAft8U7LloJvN7I=
github.com/hashicorp/go-rootcerts v0.0.0-20160503143440-6bb64b370b90 h1:VBj0QYQ0u2MCJzBfeYXGexnAl17GsH1yidnoxCqqD9E=
github.com/hashicorp/go-rootcerts v0.0.0-20160503143440-6bb64b370b90/go.mod h1:o4zcYY1e0GEZI6eSEr+43QDYmuGglw1qSO6qdHUHCgg=
github.com/hashicorp/go-version v0.0.0-20170202080759-03c5bf6be031 h1:c3Xdf5fTpk+hqhxqCO+ymqjfUXV9+GZqNgTtlnVzDos=
github.com/hashicorp/go-version v0.0.0-20170202080759-03c5bf6be031/go.mod h1:fltr4n8CU8Ke44wwGCBoEymUuxUHl09ZGVZPK5anwXA=
github.com/hashicorp/hcl v0.0.0-20170509225359-392dba7d905e h1:KJWs1uTCkN3E/J5ofCH9Pf8KKsibTFc3fv0CA9+WsVo=
github.com/hashicorp/hcl v0.0.0-20170509225359-392dba7d905e/go.mod h1:oZtUIOe8dh44I2q6ScRibXws4Ajl+d+nod3AaR9vL5w=
github.com/hashicorp/nomad v0.5.6 h1:RU6x/F1PRqaikSnz7w9eRqIWYU8s5Zfj4dzlQZV0PWs=
github.com/hashicorp/nomad v0.5.6/go.mod h1:WRaKjdO1G2iqi86TvTjIYtKTyxg4pl7NLr9InxtWaI0=
github.com/hashicorp/raft v1.0.0 h1:htBVktAOtGs4Le5Z7K8SF5H2+oWsQFYVmOgH5loro7Y=
github.com/hashicorp/raft v1.0.0/go.mod h1:DVSAWItjLjTOkVbSpWQ0j0kUADIvDaCtBxIcbNAQLkI=
github.com/hashicorp/serf v0.0.0-20170708011918-e39abe475740 h1:yuz5o02hAS76D4kzjqlH+/Wgm0vp44C+SShgMmQ897A=
github.com/hashicorp/serf v0.0.0-20170708011918-e39abe475740/go.mod h1:h/Ru6tmZazX7WO/GDmwdpS975F019L4t5ng5IgwbNrE=
github.com/jbenet/go-context v0.0.0-20150711004518-d14ea06fba99 h1:BQSFePA1RWJOlocH6Fxy8MmwDt+yVQYULKfN0RoTN8A=
github.com/jbenet/go-context v0.0.0-20150711004518-d14ea06fba99/go.mod h1:1lJo3i6rXxKeerYnT8Nvf0QmHCRC1n8sfWVwXF2Frvo=
github.com/jessevdk/go-flags v1.4.0/go.mod h1:4FA24M0QyGHXBuZZK/XkWh8h0e1EYbRYJSGM75WSRxI=
github.com/jmespath/go-jmespath v0.0.0-20160803190731-bd40a432e4c7 h1:SMvOWPJCES2GdFracYbBQh93GXac8fq7HeN6JnpduB8=
github.com/jmespath/go-jmespath v0.0.0-20160803190731-bd40a432e4c7/go.mod h1:Nht3zPeWKUH0NzdCt2Blrr5ys8VGpn0CEB0cQHVjt7k=
github.com/kevinburke/ssh_config v0.0.0-20180830205328-81db2a75821e h1:RgQk53JHp/Cjunrr1WlsXSZpqXn+uREuHvUVcK82CV8=
github.com/kevinburke/ssh_config v0.0.0-20180830205328-81db2a75821e/go.mod h1:CT57kijsi8u/K/BOFA39wgDQJ9CxiF4nAY/ojJ6r6mM=
github.com/kr/pretty v0.1.0/go.mod h1:dAy3ld7l9f0ibDNOQOHHMYYIIbhfbHSm3C4ZsoJORNo=
github.com/kr/pty v1.1.1/go.mod h1:pFQYn66WHrOpPYNljwOMqo10TkYh1fy3cYio2l3bCsQ=
github.com/kr/text v0.1.0/go.mod h1:4Jbv+DJW3UT/LiOwJeYQe1efqtUx/iVham/4vfdArNI=
github.com/mattn/go-isatty v0.0.2 h1:F+DnWktyadxnOrohKLNUC9/GjFii5RJgY4GFG6ilggw=
github.com/mattn/go-isatty v0.0.2/go.mod h1:M+lRXTBqGeGNdLjl/ufCoiOlB5xdOkqRJdNxMWT7Zi4=
github.com/mholt/archiver v2.0.0+incompatible h1:KGdPVnP9sU8V6bvSr9v3B97yxKskJUm8U3okpC8WYmk=
github.com/mholt/archiver v2.0.0+incompatible/go.mod h1:Dh2dOXnSdiLxRiPoVfIr/fI1TwETms9B8CTWfeh7ROU=
github.com/mitchellh/cli v0.0.0-20170523172749-b481eac70eea h1:Gqk09e7eYFyOLNWTG2qf/8+71OHAuMqGtAtxI7fjmDs=
github.com/mitchellh/cli v0.0.0-20170523172749-b481eac70eea/go.mod h1:oGumspjLm2kTyiT1QMGpFqRlmxnKHfCvhZEVnx+5UeE=
github.com/mitchellh/copystructure v0.0.0-20170525013902-d23ffcb85de3 h1:dECZqiJYhKdj9QlLpiQaRDXHDXRTdiyZI3owdDGhlYY=
github.com/mitchellh/copystructure v0.0.0-20170525013902-d23ffcb85de3/go.mod h1:eOsF2yLPlBBJPvD+nhl5QMTBSOBbOph6N7j/IDUw7PY=
github.com/mitchellh/go-homedir v0.0.0-20161203194507-b8bc1bf76747/go.mod h1:SfyaCUpYCn1Vlf4IUYiD9fPX4A5wJrkLzIz1N1q0pr0=
github.com/mitchellh/go-homedir v1.0.0 h1:vKb8ShqSby24Yrqr/yDYkuFz8d0WUjys40rvnGC8aR0=
github.com/mitchellh/go-homedir v1.0.0/go.mod h1:SfyaCUpYCn1Vlf4IUYiD9fPX4A5wJrkLzIz1N1q0pr0=
github.com/mitchellh/hashstructure v0.0.0-20170609045927-2bca23e0e452 h1:hOY53G+kBFhbYFpRVxHl5eS7laP6B1+Cq+Z9Dry1iMU=
github.com/mitchellh/hashstructure v0.0.0-20170609045927-2bca23e0e452/go.mod h1:QjSHrPWS+BGUVBYkbTZWEnOh3G1DutKwClXU/ABz6AQ=
github.com/mitchellh/mapstructure v0.0.0-20170523030023-d0303fe80992 h1:W7VHAEVflA5/eTyRvQ53Lz5j8bhRd1myHZlI/IZFvbU=
github.com/mitchellh/mapstructure v0.0.0-20170523030023-d0303fe80992/go.mod h1:FVVH3fgwuzCH5S8UJGiWEs2h04kUh9fWfEaFds41c1Y=
github.com/mitchellh/reflectwalk v0.0.0-20170508173806-8d802ff4ae93 h1:1100/b1WEWkub7eZ9uDlBMb/k5hrDR6iHDGOQqfrVXE=
github.com/mitchellh/reflectwalk v0.0.0-20170508173806-8d802ff4ae93/go.mod h1:mSTlrgnPZtwu0c4WaC2kGObEpuNDbx0jmZXqmk4esnw=
github.com/nwaples/rardecode v0.0.0-20170112110516-f22b7ef81a0a h1:YlGvnboh7HuNbg2lecoiiUbX7pgJ6c2FfLTvMz8qfMU=
github.com/nwaples/rardecode v0.0.0-20170112110516-f22b7ef81a0a/go.mod h1:5DzqNKiOdpKKBH87u8VlvAnPZMXcGRhxWkRpHbbfGS0=
github.com/pelletier/go-buffruneio v0.0.0-20190103235659-25c428535bd3/go.mod h1:JkE26KsDizTr40EUHkXVtNPvgGtbSNq5BcowyYOWdKo=
github.com/pelletier/go-buffruneio v0.2.0 h1:U4t4R6YkofJ5xHm3dJzuRpPZ0mr5MMCoAWooScCR7aA=
github.com/pelletier/go-buffruneio v0.2.0/go.mod h1:JkE26KsDizTr40EUHkXVtNPvgGtbSNq5BcowyYOWdKo=
github.com/pkg/errors v0.8.0/go.mod h1:bwawxfHBFNV+L2hUp1rHADufV3IMtnDRdf1r5NINEl0=
github.com/pmezard/go-difflib v1.0.0/go.mod h1:iKH77koFhYxTK1pcRnkKkqfTogsbg7gZNVY4sRDYZ/4=
github.com/satori/go.uuid v1.2.0 h1:0uYX9dsZ2yD7q2RtLRtPSdGDWzjeM3TbMJP9utgA0ww=
github.com/satori/go.uuid v1.2.0/go.mod h1:dA0hQrYB0VpLJoorglMZABFdXlWrHn1NEOzdhQKdks0=
github.com/sergi/go-diff v0.0.0-20170409071739-feef008d51ad/go.mod h1:0CfEIISq7TuYL3j771MWULgwwjU+GofnZX9QAmXWZgo=
github.com/sergi/go-diff v1.0.0 h1:Kpca3qRNrduNnOQeazBd0ysaKrUJiIuISHxogkT9RPQ=
github.com/sergi/go-diff v1.0.0/go.mod h1:0CfEIISq7TuYL3j771MWULgwwjU+GofnZX9QAmXWZgo=
github.com/src-d/gcfg v1.3.0/go.mod h1:p/UMsR43ujA89BJY9duynAwIpvqEujIH/jFlfL7jWoI=
github.com/src-d/gcfg v1.4.0 h1:xXbNR5AlLSA315x2UO+fTSSAXCDf+Ar38/6oyGbDKQ4=
github.com/src-d/gcfg v1.4.0/go.mod h1:p/UMsR43ujA89BJY9duynAwIpvqEujIH/jFlfL7jWoI=
github.com/stretchr/testify v1.2.2/go.mod h1:a8OnRcib4nhh0OaRAV+Yts87kKdq0PP7pXfy6kDkUVs=
github.com/ugorji/go v0.0.0-20170620104852-5efa3251c7f7 h1:VtqNxrWGmleRhhDwCE2E98hD6Qn47lM06TOq4NTF9h0=
github.com/ugorji/go v0.0.0-20170620104852-5efa3251c7f7/go.mod h1:hnLbHMwcvSihnDhEfx2/BzKp2xb0Y+ErdfYcrs9tkJQ=
github.com/ulikunitz/xz v0.5.4 h1:zATC2OoZ8H1TZll3FpbX+ikwmadbO699PE06cIkm9oU=
github.com/ulikunitz/xz v0.5.4/go.mod h1:2bypXElzHzzJZwzH67Y6wb67pO62Rzfn7BSiF4ABRW8=
github.com/xanzy/ssh-agent v0.1.0/go.mod h1:0NyE30eGUDliuLEHJgYte/zncp2zdTStcOnWhgSqHD8=
github.com/xanzy/ssh-agent v0.2.0 h1:Adglfbi5p9Z0BmK2oKU9nTG+zKfniSfnaMYB+ULd+Ro=
github.com/xanzy/ssh-agent v0.2.0/go.mod h1:0NyE30eGUDliuLEHJgYte/zncp2zdTStcOnWhgSqHD8=
golang.org/x/crypto v0.0.0-20170711145318-dd85ac7e6a88/go.mod h1:6SG95UA2DQfeDnfUPMdvaQW0Q7yPrPDi9nlGo2tz2b4=
golang.org/x/crypto v0.0.0-20180904163835-0709b304e793 h1:u+LnwYTOOW7Ukr/fppxEb1Nwz0AtPflrblfvUudpo+I=
golang.org/x/crypto v0.0.0-20180904163835-0709b304e793/go.mod h1:6SG95UA2DQfeDnfUPMdvaQW0Q7yPrPDi9nlGo2tz2b4=
golang.org/x/net v0.0.0-20180906233101-161cd47e91fd/go.mod h1:mL1N/T3taQHkDXs73rZJwtUhF3w3ftmwwsq0BUmARs4=
golang.org/x/net v0.0.0-20190213061140-3a22650c66bd h1:HuTn7WObtcDo9uEEU7rEqL0jYthdXAmZ6PP+meazmaU=
golang.org/x/net v0.0.0-20190213061140-3a22650c66bd/go.mod h1:mL1N/T3taQHkDXs73rZJwtUhF3w3ftmwwsq0BUmARs4=
golang.org/x/sys v0.0.0-20170710161658-abf9c25f5445/go.mod h1:STP8DvDyc/dI5b8T5hshtkjS+E42TnysNCUPdjciGhY=
golang.org/x/sys v0.0.0-20180903190138-2b024373dcd9/go.mod h1:STP8DvDyc/dI5b8T5hshtkjS+E42TnysNCUPdjciGhY=
golang.org/x/text v0.3.0/go.mod h1:NqM8EUOU14njkJ3fqMW+pc6Ldnwhi/IjpwHt7yyuwOQ=
gopkg.in/check.v1 v1.0.0-20180628173108-788fd7840127/go.mod h1:Co6ibVJAznAaIkqp8huTwlJQCZ016jof/cbN4VW5Yz0=
gopkg.in/src-d/go-billy.v4 v4.2.1/go.mod h1:tm33zBoOwxjYHZIE+OV8bxTWFMJLrconzFMd38aARFk=
gopkg.in/src-d/go-billy.v4 v4.3.0 h1:KtlZ4c1OWbIs4jCv5ZXrTqG8EQocr0g/d4DjNg70aek=
gopkg.in/src-d/go-billy.v4 v4.3.0/go.mod h1:tm33zBoOwxjYHZIE+OV8bxTWFMJLrconzFMd38aARFk=
gopkg.in/src-d/go-git-fixtures.v3 v3.1.1/go.mod h1:dLBcvytrw/TYZsNTWCnkNF2DSIlzWYqTe3rJR56Ac7g=
gopkg.in/src-d/go-git.v4 v4.10.0 h1:NWjTJTQnk8UpIGlssuefyDZ6JruEjo5s88vm88uASbw=
gopkg.in/src-d/go-git.v4 v4.10.0/go.mod h1:Vtut8izDyrM8BUVQnzJ+YvmNcem2J89EmfZYCkLokZk=
gopkg.in/warnings.v0 v0.1.1/go.mod h1:jksf8JmL6Qr/oQM2OXTHunEvvTAsrWBLb6OOjuVWRNI=
gopkg.in/warnings.v0 v0.1.2 h1:wFXVbFY8DY5/xOe1ECiWdKCzZlxgshcYVNkBHstARME=
gopkg.in/warnings.v0 v0.1.2/go.mod h1:jksf8JmL6Qr/oQM2OXTHunEvvTAsrWBLb6OOjuVWRNI=
gopkg.in/yaml.v2 v2.0.0-20170712054546-1be3d31502d6 h1:CvAnnm1XvMjfib69SZzDwgWfOk+PxYz0hA0HBupilBA=
gopkg.in/yaml.v2 v2.0.0-20170712054546-1be3d31502d6/go.mod h1:JAlM8MvJe8wmxCU4Bli9HhUf9+ttbYbLASfIpnQbh74=
